%{"con_cache": {:git, "git://github.com/sasa1977/con_cache.git", "cb093c6e89e6c04a299cf9362bf42f3122383725", []},
  "cowboy": {:git, "git://github.com/extend/cowboy.git", "75218c4be0e9a2b55c871499668ceba56f7e4aa9", []},
  "cowlib": {:git, "git://github.com/extend/cowlib.git", "f58340a0044856bb508df03cfe94cf79308380a2", [ref: "0.6.1"]},
  "exactor": {:git, "git://github.com/sasa1977/exactor.git", "f4da7c94cd81646830f3cec239a2f941daab4941", []},
  "hackney": {:git, "git://github.com/benoitc/hackney.git", "7f2a0b5996313d930277786e7ff5d538e9346547", [tag: "0.10.1"]},
  "hackney_lib": {:git, "https://github.com/benoitc/hackney_lib.git", "eecdb481f1d38bfb194896bffdf9bdcdd967ae96", [tag: "0.2.2"]},
  "httpoison": {:git, "git://github.com/edgurgel/httpoison.git", "d58c88692ceb8243ac88677d5e938a2ba04c8a6a", []},
  "jsex": {:git, "git://github.com/talentdeficit/jsex.git", "3837aba229a47d959d7826f2f49b001cc911883d", []},
  "jsx": {:git, "git://github.com/talentdeficit/jsx.git", "8e150dafb9787dd6b608e912c1b52575b06fe7f8", [tag: "v2.0"]},
  "mime": {:git, "git://github.com/dynamo/mime.git", "db84370c53a67a7e58a4d0cfb026f4edc64a9367", []},
  "mimetypes": {:git, "git://github.com/spawngrid/mimetypes.git", "47d37a977a7d633199822bf6b08353007483d00f", [ref: "master"]},
  "ossp_uuid": {:git, "git://github.com/yrashk/erlang-ossp-uuid.git", "5839a91796349114375c9cb066ec4e1dfdb653ab", []},
  "otp_dsl": {:git, "git://github.com/pragdave/otp_dsl.git", "cdece980f38ced66ebabe099ccdbe54c3ae39564", []},
  "plug": {:git, "git://github.com/elixir-lang/plug.git", "2133fc178f0d023cac1a33b2d828e3d410a3b63d", []},
  "ranch": {:git, "git://github.com/extend/ranch.git", "5df1f222f94e08abdcab7084f5e13027143cc222", [ref: "0.9.0"]}}
