[ "con_cache": {:git, "git://github.com/sasa1977/con_cache.git", "0402fc2163622c6e1470ba94b96dd39f7fc5dd2a", []},
  "cowboy": {:git, "git://github.com/extend/cowboy.git", "23eb3f8e9addfbc4217e4046ef867c5ec99582b1", []},
  "cowlib": {:git, "git://github.com/extend/cowlib.git", "f58340a0044856bb508df03cfe94cf79308380a2", [ref: "0.6.1"]},
  "exactor": {:git, "git://github.com/sasa1977/exactor.git", "f7f6bae7fead5e0e5525581d44311f803169fa4e", []},
  "hackney": {:git, "git://github.com/benoitc/hackney.git", "7f2a0b5996313d930277786e7ff5d538e9346547", [tag: "0.10.1"]},
  "hackney_lib": {:git, "https://github.com/benoitc/hackney_lib.git", "eecdb481f1d38bfb194896bffdf9bdcdd967ae96", [tag: "0.2.2"]},
  "httpoison": {:git, "git://github.com/edgurgel/httpoison.git", "d58c88692ceb8243ac88677d5e938a2ba04c8a6a", []},
  "jsex": {:git, "git://github.com/talentdeficit/jsex.git", "65aa6ae7c1543a0c4e83032c04626af7be7a7f3e", []},
  "jsx": {:git, "git://github.com/talentdeficit/jsx.git", "e50af6e109cb03bd26acf715cbc77de746507d1d", [tag: "v1.4.3"]},
  "mime": {:git, "git://github.com/dynamo/mime.git", "db84370c53a67a7e58a4d0cfb026f4edc64a9367", []},
  "mimetypes": {:git, "git://github.com/spawngrid/mimetypes.git", "47d37a977a7d633199822bf6b08353007483d00f", [ref: "master"]},
  "ossp_uuid": {:git, "git://github.com/yrashk/erlang-ossp-uuid.git", "5839a91796349114375c9cb066ec4e1dfdb653ab", []},
  "otp_dsl": {:git, "git://github.com/pragdave/otp_dsl.git", "cdece980f38ced66ebabe099ccdbe54c3ae39564", []},
  "plug": {:git, "git://github.com/elixir-lang/plug.git", "c477ff5d143706b2dce8fae6d354e7e2894bd370", []},
  "ranch": {:git, "git://github.com/extend/ranch.git", "5df1f222f94e08abdcab7084f5e13027143cc222", [ref: "0.9.0"]} ]
