%{"amnesia": {:git, "git://github.com/meh/amnesia.git", "ad9ddc306d250261f5159f1659edba0fd0d99598", []},
  "con_cache": {:git, "git://github.com/sasa1977/con_cache.git", "efa9644eb3e4a72e98c895a0a12fe754bed80b45", []},
  "continuum": {:git, "git://github.com/meh/continuum.git", "302470c32999ff3b1c374cce8d99a46b043a83fe", []},
  "cowboy": {:git, "git://github.com/extend/cowboy.git", "9980348a1cd74a41b3024f0b01d6fef301d8288b", []},
  "cowlib": {:git, "git://github.com/extend/cowlib.git", "e2ffefe828b918486e2cd76e44c54ae9b62c616e", [ref: "0.6.2"]},
  "datastructures": {:git, "git://github.com/meh/elixir-datastructures.git", "28a7aee9addfe521ad0aa62f5e54f1ad597356cc", []},
  "exactor": {:package, "0.4.0"},
  "exquisite": {:git, "git://github.com/meh/exquisite.git", "8b1420260178fdf50a21a9b020253719b0b373ff", []},
  "hoedown": {:git, "git://github.com/hoedown/hoedown.git", "0610117f44b173a4e2112afb2f510156a32355b5", []},
  "httpotion": {:git, "git://github.com/myfreeweb/httpotion.git", "a6bcbbac7b6f15ee93c5c941de36d59ef8c85743", []},
  "ibrowse": {:git, "git://github.com/cmullaparthi/ibrowse.git", "7871e2ebe8811efb64e1917e2de455fa87e8dfe3", [tag: "v4.1.0"]},
  "jazz": {:git, "git://github.com/meh/jazz.git", "d88a861644113b8ba335ff6a54fb059519566365", []},
  "markdown": {:git, "git://github.com/devinus/markdown.git", "7b1912a693611a9445574e099687879948bafbae", []},
  "ossp_uuid": {:git, "git://github.com/yrashk/erlang-ossp-uuid.git", "5839a91796349114375c9cb066ec4e1dfdb653ab", []},
  "plug": {:git, "git://github.com/elixir-lang/plug.git", "3cf9bb7e13328741bb3cc3dae2fad3b17ee37581", []},
  "ranch": {:git, "git://github.com/extend/ranch.git", "3189ef2d47843945efc96c224963380462c33d40", [ref: "0.10.0"]}}
